
Microsoft Visual Studio Solution File, Format Version 12.00
# Visual Studio Version 17
VisualStudioVersion = 17.5.33502.453
MinimumVisualStudioVersion = 10.0.40219.1
Project("{FAE04EC0-301F-11D3-BF4B-00C04F79EFBC}") = "TournamentTracker", "TournamentTracker.csproj", "{AF4E9118-AF33-4853-95A8-D9248D74A409}"
EndProject
Project("{FAE04EC0-301F-11D3-BF4B-00C04F79EFBC}") = "TrackerUI", "..\TrackerUI\TrackerUI.csproj", "{57354497-E148-4FA5-A07D-03A9320A107F}"
EndProject
Global
	GlobalSection(SolutionConfigurationPlatforms) = preSolution
		Debug|Any CPU = Debug|Any CPU
		Release|Any CPU = Release|Any CPU
	EndGlobalSection
	GlobalSection(ProjectConfigurationPlatforms) = postSolution
		{AF4E9118-AF33-4853-95A8-D9248D74A409}.Debug|Any CPU.ActiveCfg = Debug|Any CPU
		{AF4E9118-AF33-4853-95A8-D9248D74A409}.Debug|Any CPU.Build.0 = Debug|Any CPU
		{AF4E9118-AF33-4853-95A8-D9248D74A409}.Release|Any CPU.ActiveCfg = Release|Any CPU
		{AF4E9118-AF33-4853-95A8-D9248D74A409}.Release|Any CPU.Build.0 = Release|Any CPU
		{57354497-E148-4FA5-A07D-03A9320A107F}.Debug|Any CPU.ActiveCfg = Debug|Any CPU
		{57354497-E148-4FA5-A07D-03A9320A107F}.Debug|Any CPU.Build.0 = Debug|Any CPU
		{57354497-E148-4FA5-A07D-03A9320A107F}.Release|Any CPU.ActiveCfg = Release|Any CPU
		{57354497-E148-4FA5-A07D-03A9320A107F}.Release|Any CPU.Build.0 = Release|Any CPU
	EndGlobalSection
	GlobalSection(SolutionProperties) = preSolution
		HideSolutionNode = FALSE
	EndGlobalSection
	GlobalSection(ExtensibilityGlobals) = postSolution
		SolutionGuid = {96F84C4A-4D94-4121-A39A-27F01A4DC7DF}
	EndGlobalSection
EndGlobal
