
Microsoft Visual Studio Solution File, Format Version 12.00
# Visual Studio Version 17
VisualStudioVersion = 17.7.34202.233
MinimumVisualStudioVersion = 10.0.40219.1
Project("{FAE04EC0-301F-11D3-BF4B-00C04F79EFBC}") = "GraspEnityFrameWorkMainConsoleApp", "GraspEnityFrameWorkMainConsoleApp.csproj", "{7C26F7EE-2540-4BBD-B7CA-164933160162}"
EndProject
Project("{FAE04EC0-301F-11D3-BF4B-00C04F79EFBC}") = "EntityFramework.Data", "..\EntityFramework.Data\EntityFramework.Data.csproj", "{EB71FEB5-9650-4340-BC90-A08BF4DB5FF8}"
EndProject
Project("{FAE04EC0-301F-11D3-BF4B-00C04F79EFBC}") = "EntityFrameworkCore.Domain", "..\EntityFrameworkCore.Domain\EntityFrameworkCore.Domain.csproj", "{1F3EEB6D-2090-4924-9CE5-5F28F0F5FD19}"
EndProject
Global
	GlobalSection(SolutionConfigurationPlatforms) = preSolution
		Debug|Any CPU = Debug|Any CPU
		Release|Any CPU = Release|Any CPU
	EndGlobalSection
	GlobalSection(ProjectConfigurationPlatforms) = postSolution
		{7C26F7EE-2540-4BBD-B7CA-164933160162}.Debug|Any CPU.ActiveCfg = Debug|Any CPU
		{7C26F7EE-2540-4BBD-B7CA-164933160162}.Debug|Any CPU.Build.0 = Debug|Any CPU
		{7C26F7EE-2540-4BBD-B7CA-164933160162}.Release|Any CPU.ActiveCfg = Release|Any CPU
		{7C26F7EE-2540-4BBD-B7CA-164933160162}.Release|Any CPU.Build.0 = Release|Any CPU
		{EB71FEB5-9650-4340-BC90-A08BF4DB5FF8}.Debug|Any CPU.ActiveCfg = Debug|Any CPU
		{EB71FEB5-9650-4340-BC90-A08BF4DB5FF8}.Debug|Any CPU.Build.0 = Debug|Any CPU
		{EB71FEB5-9650-4340-BC90-A08BF4DB5FF8}.Release|Any CPU.ActiveCfg = Release|Any CPU
		{EB71FEB5-9650-4340-BC90-A08BF4DB5FF8}.Release|Any CPU.Build.0 = Release|Any CPU
		{1F3EEB6D-2090-4924-9CE5-5F28F0F5FD19}.Debug|Any CPU.ActiveCfg = Debug|Any CPU
		{1F3EEB6D-2090-4924-9CE5-5F28F0F5FD19}.Debug|Any CPU.Build.0 = Debug|Any CPU
		{1F3EEB6D-2090-4924-9CE5-5F28F0F5FD19}.Release|Any CPU.ActiveCfg = Release|Any CPU
		{1F3EEB6D-2090-4924-9CE5-5F28F0F5FD19}.Release|Any CPU.Build.0 = Release|Any CPU
	EndGlobalSection
	GlobalSection(SolutionProperties) = preSolution
		HideSolutionNode = FALSE
	EndGlobalSection
	GlobalSection(ExtensibilityGlobals) = postSolution
		SolutionGuid = {D42C6852-7136-475A-BEED-9C7036239304}
	EndGlobalSection
EndGlobal
